
Microsoft Visual Studio Solution File, Format Version 12.00
# Visual Studio 15
VisualStudioVersion = 15.0.28307.489
MinimumVisualStudioVersion = 10.0.40219.1
Project("{FAE04EC0-301F-11D3-BF4B-00C04F79EFBC}") = "PRY_PASANTIA01", "PRY_PASANTIA01\PRY_PASANTIA01.csproj", "{788EC2BE-CF9C-4F21-A6B0-3C1E8156445A}"
EndProject
Project("{FAE04EC0-301F-11D3-BF4B-00C04F79EFBC}") = "DATA", "DATA\DATA.csproj", "{27EA68DD-3597-44E8-8946-86C69033641B}"
EndProject
Project("{FAE04EC0-301F-11D3-BF4B-00C04F79EFBC}") = "LOGIC", "LOGIC\LOGIC.csproj", "{D9E0B8BA-76D0-4E8F-9244-D8E17ADD1040}"
EndProject
Global
	GlobalSection(SolutionConfigurationPlatforms) = preSolution
		Debug|Any CPU = Debug|Any CPU
		Release|Any CPU = Release|Any CPU
	EndGlobalSection
	GlobalSection(ProjectConfigurationPlatforms) = postSolution
		{788EC2BE-CF9C-4F21-A6B0-3C1E8156445A}.Debug|Any CPU.ActiveCfg = Debug|Any CPU
		{788EC2BE-CF9C-4F21-A6B0-3C1E8156445A}.Debug|Any CPU.Build.0 = Debug|Any CPU
		{788EC2BE-CF9C-4F21-A6B0-3C1E8156445A}.Release|Any CPU.ActiveCfg = Release|Any CPU
		{788EC2BE-CF9C-4F21-A6B0-3C1E8156445A}.Release|Any CPU.Build.0 = Release|Any CPU
		{27EA68DD-3597-44E8-8946-86C69033641B}.Debug|Any CPU.ActiveCfg = Debug|Any CPU
		{27EA68DD-3597-44E8-8946-86C69033641B}.Debug|Any CPU.Build.0 = Debug|Any CPU
		{27EA68DD-3597-44E8-8946-86C69033641B}.Release|Any CPU.ActiveCfg = Release|Any CPU
		{27EA68DD-3597-44E8-8946-86C69033641B}.Release|Any CPU.Build.0 = Release|Any CPU
		{D9E0B8BA-76D0-4E8F-9244-D8E17ADD1040}.Debug|Any CPU.ActiveCfg = Debug|Any CPU
		{D9E0B8BA-76D0-4E8F-9244-D8E17ADD1040}.Debug|Any CPU.Build.0 = Debug|Any CPU
		{D9E0B8BA-76D0-4E8F-9244-D8E17ADD1040}.Release|Any CPU.ActiveCfg = Release|Any CPU
		{D9E0B8BA-76D0-4E8F-9244-D8E17ADD1040}.Release|Any CPU.Build.0 = Release|Any CPU
	EndGlobalSection
	GlobalSection(SolutionProperties) = preSolution
		HideSolutionNode = FALSE
	EndGlobalSection
	GlobalSection(ExtensibilityGlobals) = postSolution
		SolutionGuid = {A54D3A5F-6D30-4E63-B34C-D059E0D81CD2}
	EndGlobalSection
EndGlobal
